
Microsoft Visual Studio Solution File, Format Version 12.00
# Visual Studio Version 16
VisualStudioVersion = 16.0.30717.126
MinimumVisualStudioVersion = 10.0.40219.1
Project("{FAE04EC0-301F-11D3-BF4B-00C04F79EFBC}") = "Actividad1Unidad3", "Actividad1Unidad3\Actividad1Unidad3.csproj", "{94444B98-C246-436A-8347-FF915215B96F}"
EndProject
Global
	GlobalSection(SolutionConfigurationPlatforms) = preSolution
		Debug|Any CPU = Debug|Any CPU
		Release|Any CPU = Release|Any CPU
	EndGlobalSection
	GlobalSection(ProjectConfigurationPlatforms) = postSolution
		{94444B98-C246-436A-8347-FF915215B96F}.Debug|Any CPU.ActiveCfg = Debug|Any CPU
		{94444B98-C246-436A-8347-FF915215B96F}.Debug|Any CPU.Build.0 = Debug|Any CPU
		{94444B98-C246-436A-8347-FF915215B96F}.Release|Any CPU.ActiveCfg = Release|Any CPU
		{94444B98-C246-436A-8347-FF915215B96F}.Release|Any CPU.Build.0 = Release|Any CPU
	EndGlobalSection
	GlobalSection(SolutionProperties) = preSolution
		HideSolutionNode = FALSE
	EndGlobalSection
	GlobalSection(ExtensibilityGlobals) = postSolution
		SolutionGuid = {1A3A8DE6-D1A2-4C5C-8E9C-4F34D10EACB0}
	EndGlobalSection
EndGlobal
